// !$*UTF8*$!
{
	archiveVersion = 1;
	classes = {
	};
	objectVersion = 46;
	objects = {

/* Begin PBXBuildFile section */
		D72F8B051AA202B900386CE2 /* Coord.cpp in Sources */ = {isa = PBXBuildFile; fileRef = D72F8AC91AA2000B00386CE2 /* Coord.cpp */; };
		D72F8B061AA202BC00386CE2 /* Point.cpp in Sources */ = {isa = PBXBuildFile; fileRef = D72F8ACD1AA2000B00386CE2 /* Point.cpp */; };
		D72F8B071AA202BE00386CE2 /* Vector.cpp in Sources */ = {isa = PBXBuildFile; fileRef = D72F8ACF1AA2000B00386CE2 /* Vector.cpp */; };
		D72F8B0B1AA2030A00386CE2 /* opengl.cpp in Sources */ = {isa = PBXBuildFile; fileRef = D72F8B091AA2030A00386CE2 /* opengl.cpp */; };
		D72F8B0C1AA2034900386CE2 /* GLUT.framework in Frameworks */ = {isa = PBXBuildFile; fileRef = D72F8AE71AA2005400386CE2 /* GLUT.framework */; };
		D72F8B0D1AA2034E00386CE2 /* OpenGL.framework in Frameworks */ = {isa = PBXBuildFile; fileRef = D72F8AE91AA2005900386CE2 /* OpenGL.framework */; };
		D72F8B111AA2035200386CE2 /* Point.cpp in Sources */ = {isa = PBXBuildFile; fileRef = D72F8ACD1AA2000B00386CE2 /* Point.cpp */; };
		D72F8B121AA2035200386CE2 /* Vector.cpp in Sources */ = {isa = PBXBuildFile; fileRef = D72F8ACF1AA2000B00386CE2 /* Vector.cpp */; };
		D72F8B131AA2035200386CE2 /* Coord.cpp in Sources */ = {isa = PBXBuildFile; fileRef = D72F8AC91AA2000B00386CE2 /* Coord.cpp */; };
		D72F8B151AA2035200386CE2 /* OpenGL.framework in Frameworks */ = {isa = PBXBuildFile; fileRef = D72F8AE91AA2005900386CE2 /* OpenGL.framework */; };
		D72F8B161AA2035200386CE2 /* GLUT.framework in Frameworks */ = {isa = PBXBuildFile; fileRef = D72F8AE71AA2005400386CE2 /* GLUT.framework */; };
		D72F8B1C1AA2035C00386CE2 /* opengl.cpp in Sources */ = {isa = PBXBuildFile; fileRef = D72F8AF81AA2026A00386CE2 /* opengl.cpp */; };
/* End PBXBuildFile section */

/* Begin PBXCopyFilesBuildPhase section */
		D72F8AFC1AA202B000386CE2 /* CopyFiles */ = {
			isa = PBXCopyFilesBuildPhase;
			buildActionMask = 2147483647;
			dstPath = /usr/share/man/man1/;
			dstSubfolderSpec = 0;
			files = (
			);
			runOnlyForDeploymentPostprocessing = 1;
		};
		D72F8B171AA2035200386CE2 /* CopyFiles */ = {
			isa = PBXCopyFilesBuildPhase;
			buildActionMask = 2147483647;
			dstPath = /usr/share/man/man1/;
			dstSubfolderSpec = 0;
			files = (
			);
			runOnlyForDeploymentPostprocessing = 1;
		};
/* End PBXCopyFilesBuildPhase section */

/* Begin PBXFileReference section */
		D72F8AC91AA2000B00386CE2 /* Coord.cpp */ = {isa = PBXFileReference; fileEncoding = 4; lastKnownFileType = sourcecode.cpp.cpp; path = Coord.cpp; sourceTree = "<group>"; };
		D72F8ACA1AA2000B00386CE2 /* Coord.h */ = {isa = PBXFileReference; fileEncoding = 4; lastKnownFileType = sourcecode.c.h; path = Coord.h; sourceTree = "<group>"; };
		D72F8ACB1AA2000B00386CE2 /* GlutIncluder.h */ = {isa = PBXFileReference; fileEncoding = 4; lastKnownFileType = sourcecode.c.h; path = GlutIncluder.h; sourceTree = "<group>"; };
		D72F8ACC1AA2000B00386CE2 /* Include.h */ = {isa = PBXFileReference; fileEncoding = 4; lastKnownFileType = sourcecode.c.h; path = Include.h; sourceTree = "<group>"; };
		D72F8ACD1AA2000B00386CE2 /* Point.cpp */ = {isa = PBXFileReference; fileEncoding = 4; lastKnownFileType = sourcecode.cpp.cpp; path = Point.cpp; sourceTree = "<group>"; };
		D72F8ACE1AA2000B00386CE2 /* Point.h */ = {isa = PBXFileReference; fileEncoding = 4; lastKnownFileType = sourcecode.c.h; path = Point.h; sourceTree = "<group>"; };
		D72F8ACF1AA2000B00386CE2 /* Vector.cpp */ = {isa = PBXFileReference; fileEncoding = 4; lastKnownFileType = sourcecode.cpp.cpp; path = Vector.cpp; sourceTree = "<group>"; };
		D72F8AD01AA2000B00386CE2 /* Vector.h */ = {isa = PBXFileReference; fileEncoding = 4; lastKnownFileType = sourcecode.c.h; path = Vector.h; sourceTree = "<group>"; };
		D72F8AE71AA2005400386CE2 /* GLUT.framework */ = {isa = PBXFileReference; lastKnownFileType = wrapper.framework; name = GLUT.framework; path = System/Library/Frameworks/GLUT.framework; sourceTree = SDKROOT; };
		D72F8AE91AA2005900386CE2 /* OpenGL.framework */ = {isa = PBXFileReference; lastKnownFileType = wrapper.framework; name = OpenGL.framework; path = System/Library/Frameworks/OpenGL.framework; sourceTree = SDKROOT; };
		D72F8AF71AA2026A00386CE2 /* main.h */ = {isa = PBXFileReference; fileEncoding = 4; lastKnownFileType = sourcecode.c.h; name = main.h; path = ../TP4/main.h; sourceTree = "<group>"; };
		D72F8AF81AA2026A00386CE2 /* opengl.cpp */ = {isa = PBXFileReference; fileEncoding = 4; lastKnownFileType = sourcecode.cpp.cpp; name = opengl.cpp; path = ../TP4/opengl.cpp; sourceTree = "<group>"; };
		D72F8AFE1AA202B000386CE2 /* TP3 */ = {isa = PBXFileReference; explicitFileType = "compiled.mach-o.executable"; includeInIndex = 0; path = TP3; sourceTree = BUILT_PRODUCTS_DIR; };
		D72F8B091AA2030A00386CE2 /* opengl.cpp */ = {isa = PBXFileReference; fileEncoding = 4; lastKnownFileType = sourcecode.cpp.cpp; name = opengl.cpp; path = ../TP3/opengl.cpp; sourceTree = "<group>"; };
		D72F8B0A1AA2030A00386CE2 /* ToolsOpenGL.h */ = {isa = PBXFileReference; fileEncoding = 4; lastKnownFileType = sourcecode.c.h; name = ToolsOpenGL.h; path = ../TP3/ToolsOpenGL.h; sourceTree = "<group>"; };
		D72F8B1B1AA2035200386CE2 /* TP3 copy */ = {isa = PBXFileReference; explicitFileType = "compiled.mach-o.executable"; includeInIndex = 0; path = "TP3 copy"; sourceTree = BUILT_PRODUCTS_DIR; };
/* End PBXFileReference section */

/* Begin PBXFrameworksBuildPhase section */
		D72F8AFB1AA202B000386CE2 /* Frameworks */ = {
			isa = PBXFrameworksBuildPhase;
			buildActionMask = 2147483647;
			files = (
				D72F8B0D1AA2034E00386CE2 /* OpenGL.framework in Frameworks */,
				D72F8B0C1AA2034900386CE2 /* GLUT.framework in Frameworks */,
			);
			runOnlyForDeploymentPostprocessing = 0;
		};
		D72F8B141AA2035200386CE2 /* Frameworks */ = {
			isa = PBXFrameworksBuildPhase;
			buildActionMask = 2147483647;
			files = (
				D72F8B151AA2035200386CE2 /* OpenGL.framework in Frameworks */,
				D72F8B161AA2035200386CE2 /* GLUT.framework in Frameworks */,
			);
			runOnlyForDeploymentPostprocessing = 0;
		};
/* End PBXFrameworksBuildPhase section */

/* Begin PBXGroup section */
		D72F8A6C1AA1FFF300386CE2 = {
			isa = PBXGroup;
			children = (
				D72F8B081AA202CE00386CE2 /* TP3 */,
				D72F8AF61AA2025C00386CE2 /* TP4 */,
				D72F8AE91AA2005900386CE2 /* OpenGL.framework */,
				D72F8AE71AA2005400386CE2 /* GLUT.framework */,
				D72F8AC81AA2000B00386CE2 /* lib */,
				D72F8A761AA1FFF300386CE2 /* Products */,
			);
			sourceTree = "<group>";
			usesTabs = 1;
		};
		D72F8A761AA1FFF300386CE2 /* Products */ = {
			isa = PBXGroup;
			children = (
				D72F8AFE1AA202B000386CE2 /* TP3 */,
				D72F8B1B1AA2035200386CE2 /* TP3 copy */,
			);
			name = Products;
			sourceTree = "<group>";
		};
		D72F8AC81AA2000B00386CE2 /* lib */ = {
			isa = PBXGroup;
			children = (
				D72F8AC91AA2000B00386CE2 /* Coord.cpp */,
				D72F8ACA1AA2000B00386CE2 /* Coord.h */,
				D72F8ACB1AA2000B00386CE2 /* GlutIncluder.h */,
				D72F8ACC1AA2000B00386CE2 /* Include.h */,
				D72F8ACD1AA2000B00386CE2 /* Point.cpp */,
				D72F8ACE1AA2000B00386CE2 /* Point.h */,
				D72F8ACF1AA2000B00386CE2 /* Vector.cpp */,
				D72F8AD01AA2000B00386CE2 /* Vector.h */,
			);
			name = lib;
			path = ../lib;
			sourceTree = "<group>";
		};
		D72F8AF61AA2025C00386CE2 /* TP4 */ = {
			isa = PBXGroup;
			children = (
				D72F8AF71AA2026A00386CE2 /* main.h */,
				D72F8AF81AA2026A00386CE2 /* opengl.cpp */,
			);
			name = TP4;
			sourceTree = "<group>";
		};
		D72F8B081AA202CE00386CE2 /* TP3 */ = {
			isa = PBXGroup;
			children = (
				D72F8B091AA2030A00386CE2 /* opengl.cpp */,
				D72F8B0A1AA2030A00386CE2 /* ToolsOpenGL.h */,
			);
			name = TP3;
			sourceTree = "<group>";
		};
/* End PBXGroup section */

/* Begin PBXNativeTarget section */
		D72F8AFD1AA202B000386CE2 /* TP3 */ = {
			isa = PBXNativeTarget;
			buildConfigurationList = D72F8B021AA202B000386CE2 /* Build configuration list for PBXNativeTarget "TP3" */;
			buildPhases = (
				D72F8AFA1AA202B000386CE2 /* Sources */,
				D72F8AFB1AA202B000386CE2 /* Frameworks */,
				D72F8AFC1AA202B000386CE2 /* CopyFiles */,
			);
			buildRules = (
			);
			dependencies = (
			);
			name = TP3;
			productName = TP3;
			productReference = D72F8AFE1AA202B000386CE2 /* TP3 */;
			productType = "com.apple.product-type.tool";
		};
		D72F8B0E1AA2035200386CE2 /* TP4 */ = {
			isa = PBXNativeTarget;
			buildConfigurationList = D72F8B181AA2035200386CE2 /* Build configuration list for PBXNativeTarget "TP4" */;
			buildPhases = (
				D72F8B0F1AA2035200386CE2 /* Sources */,
				D72F8B141AA2035200386CE2 /* Frameworks */,
				D72F8B171AA2035200386CE2 /* CopyFiles */,
			);
			buildRules = (
			);
			dependencies = (
			);
			name = TP4;
			productName = TP3;
			productReference = D72F8B1B1AA2035200386CE2 /* TP3 copy */;
			productType = "com.apple.product-type.tool";
		};
/* End PBXNativeTarget section */

/* Begin PBXProject section */
		D72F8A6D1AA1FFF300386CE2 /* Project object */ = {
			isa = PBXProject;
			attributes = {
				LastUpgradeCheck = 0610;
				ORGANIZATIONNAME = "Stéphane Wouters";
				TargetAttributes = {
					D72F8AFD1AA202B000386CE2 = {
						CreatedOnToolsVersion = 6.1.1;
					};
				};
			};
			buildConfigurationList = D72F8A701AA1FFF300386CE2 /* Build configuration list for PBXProject "xcode" */;
			compatibilityVersion = "Xcode 3.2";
			developmentRegion = English;
			hasScannedForEncodings = 0;
			knownRegions = (
				en,
			);
			mainGroup = D72F8A6C1AA1FFF300386CE2;
			productRefGroup = D72F8A761AA1FFF300386CE2 /* Products */;
			projectDirPath = "";
			projectRoot = "";
			targets = (
				D72F8AFD1AA202B000386CE2 /* TP3 */,
				D72F8B0E1AA2035200386CE2 /* TP4 */,
			);
		};
/* End PBXProject section */

/* Begin PBXSourcesBuildPhase section */
		D72F8AFA1AA202B000386CE2 /* Sources */ = {
			isa = PBXSourcesBuildPhase;
			buildActionMask = 2147483647;
			files = (
				D72F8B0B1AA2030A00386CE2 /* opengl.cpp in Sources */,
				D72F8B061AA202BC00386CE2 /* Point.cpp in Sources */,
				D72F8B071AA202BE00386CE2 /* Vector.cpp in Sources */,
				D72F8B051AA202B900386CE2 /* Coord.cpp in Sources */,
			);
			runOnlyForDeploymentPostprocessing = 0;
		};
		D72F8B0F1AA2035200386CE2 /* Sources */ = {
			isa = PBXSourcesBuildPhase;
			buildActionMask = 2147483647;
			files = (
				D72F8B1C1AA2035C00386CE2 /* opengl.cpp in Sources */,
				D72F8B111AA2035200386CE2 /* Point.cpp in Sources */,
				D72F8B121AA2035200386CE2 /* Vector.cpp in Sources */,
				D72F8B131AA2035200386CE2 /* Coord.cpp in Sources */,
			);
			runOnlyForDeploymentPostprocessing = 0;
		};
/* End PBXSourcesBuildPhase section */

/* Begin XCBuildConfiguration section */
		D72F8A7A1AA1FFF300386CE2 /* Debug */ = {
			isa = XCBuildConfiguration;
			buildSettings = {
				ALWAYS_SEARCH_USER_PATHS = NO;
				CLANG_CXX_LANGUAGE_STANDARD = "gnu++0x";
				CLANG_CXX_LIBRARY = "libc++";
				CLANG_ENABLE_MODULES = YES;
				CLANG_ENABLE_OBJC_ARC = YES;
				CLANG_WARN_BOOL_CONVERSION = YES;
				CLANG_WARN_CONSTANT_CONVERSION = YES;
				CLANG_WARN_DIRECT_OBJC_ISA_USAGE = YES_ERROR;
				CLANG_WARN_EMPTY_BODY = YES;
				CLANG_WARN_ENUM_CONVERSION = YES;
				CLANG_WARN_INT_CONVERSION = YES;
				CLANG_WARN_OBJC_ROOT_CLASS = YES_ERROR;
				CLANG_WARN_UNREACHABLE_CODE = YES;
				CLANG_WARN__DUPLICATE_METHOD_MATCH = YES;
				COPY_PHASE_STRIP = NO;
				ENABLE_STRICT_OBJC_MSGSEND = YES;
				GCC_C_LANGUAGE_STANDARD = gnu99;
				GCC_DYNAMIC_NO_PIC = NO;
				GCC_OPTIMIZATION_LEVEL = 0;
				GCC_PREPROCESSOR_DEFINITIONS = (
					"DEBUG=1",
					"$(inherited)",
				);
				GCC_SYMBOLS_PRIVATE_EXTERN = NO;
				GCC_WARN_64_TO_32_BIT_CONVERSION = YES;
				GCC_WARN_ABOUT_RETURN_TYPE = YES_ERROR;
				GCC_WARN_UNDECLARED_SELECTOR = YES;
				GCC_WARN_UNINITIALIZED_AUTOS = YES_AGGRESSIVE;
				GCC_WARN_UNUSED_FUNCTION = YES;
				GCC_WARN_UNUSED_VARIABLE = YES;
				MACOSX_DEPLOYMENT_TARGET = 10.10;
				MTL_ENABLE_DEBUG_INFO = YES;
				ONLY_ACTIVE_ARCH = YES;
				SDKROOT = macosx;
			};
			name = Debug;
		};
		D72F8A7B1AA1FFF300386CE2 /* Release */ = {
			isa = XCBuildConfiguration;
			buildSettings = {
				ALWAYS_SEARCH_USER_PATHS = NO;
				CLANG_CXX_LANGUAGE_STANDARD = "gnu++0x";
				CLANG_CXX_LIBRARY = "libc++";
				CLANG_ENABLE_MODULES = YES;
				CLANG_ENABLE_OBJC_ARC = YES;
				CLANG_WARN_BOOL_CONVERSION = YES;
				CLANG_WARN_CONSTANT_CONVERSION = YES;
				CLANG_WARN_DIRECT_OBJC_ISA_USAGE = YES_ERROR;
				CLANG_WARN_EMPTY_BODY = YES;
				CLANG_WARN_ENUM_CONVERSION = YES;
				CLANG_WARN_INT_CONVERSION = YES;
				CLANG_WARN_OBJC_ROOT_CLASS = YES_ERROR;
				CLANG_WARN_UNREACHABLE_CODE = YES;
				CLANG_WARN__DUPLICATE_METHOD_MATCH = YES;
				COPY_PHASE_STRIP = YES;
				DEBUG_INFORMATION_FORMAT = "dwarf-with-dsym";
				ENABLE_NS_ASSERTIONS = NO;
				ENABLE_STRICT_OBJC_MSGSEND = YES;
				GCC_C_LANGUAGE_STANDARD = gnu99;
				GCC_WARN_64_TO_32_BIT_CONVERSION = YES;
				GCC_WARN_ABOUT_RETURN_TYPE = YES_ERROR;
				GCC_WARN_UNDECLARED_SELECTOR = YES;
				GCC_WARN_UNINITIALIZED_AUTOS = YES_AGGRESSIVE;
				GCC_WARN_UNUSED_FUNCTION = YES;
				GCC_WARN_UNUSED_VARIABLE = YES;
				MACOSX_DEPLOYMENT_TARGET = 10.10;
				MTL_ENABLE_DEBUG_INFO = NO;
				SDKROOT = macosx;
			};
			name = Release;
		};
		D72F8B031AA202B000386CE2 /* Debug */ = {
			isa = XCBuildConfiguration;
			buildSettings = {
				GCC_PREPROCESSOR_DEFINITIONS = (
					"DEBUG=1",
					"$(inherited)",
				);
				PRODUCT_NAME = "$(TARGET_NAME)";
			};
			name = Debug;
		};
		D72F8B041AA202B000386CE2 /* Release */ = {
			isa = XCBuildConfiguration;
			buildSettings = {
				PRODUCT_NAME = "$(TARGET_NAME)";
			};
			name = Release;
		};
		D72F8B191AA2035200386CE2 /* Debug */ = {
			isa = XCBuildConfiguration;
			buildSettings = {
				GCC_PREPROCESSOR_DEFINITIONS = (
					"DEBUG=1",
					"$(inherited)",
				);
				PRODUCT_NAME = "TP3 copy";
			};
			name = Debug;
		};
		D72F8B1A1AA2035200386CE2 /* Release */ = {
			isa = XCBuildConfiguration;
			buildSettings = {
				PRODUCT_NAME = "TP3 copy";
			};
			name = Release;
		};
/* End XCBuildConfiguration section */

/* Begin XCConfigurationList section */
		D72F8A701AA1FFF300386CE2 /* Build configuration list for PBXProject "xcode" */ = {
			isa = XCConfigurationList;
			buildConfigurations = (
				D72F8A7A1AA1FFF300386CE2 /* Debug */,
				D72F8A7B1AA1FFF300386CE2 /* Release */,
			);
			defaultConfigurationIsVisible = 0;
			defaultConfigurationName = Release;
		};
		D72F8B021AA202B000386CE2 /* Build configuration list for PBXNativeTarget "TP3" */ = {
			isa = XCConfigurationList;
			buildConfigurations = (
				D72F8B031AA202B000386CE2 /* Debug */,
				D72F8B041AA202B000386CE2 /* Release */,
			);
			defaultConfigurationIsVisible = 0;
		};
		D72F8B181AA2035200386CE2 /* Build configuration list for PBXNativeTarget "TP4" */ = {
			isa = XCConfigurationList;
			buildConfigurations = (
				D72F8B191AA2035200386CE2 /* Debug */,
				D72F8B1A1AA2035200386CE2 /* Release */,
			);
			defaultConfigurationIsVisible = 0;
			defaultConfigurationName = Release;
		};
/* End XCConfigurationList section */
	};
	rootObject = D72F8A6D1AA1FFF300386CE2 /* Project object */;
}
